PODS:
  - KRAnimationKit (0.9.0):
    - KRTimingFunction
  - KRPresentationKit (0.7.0):
    - KRAnimationKit
  - KRTimingFunction (0.9.1)

DEPENDENCIES:
  - KRPresentationKit (from `../`)

EXTERNAL SOURCES:
  KRPresentationKit:
    :path: "../"

SPEC CHECKSUMS:
  KRAnimationKit: fe25d32370ee6ca709eafeb40a186f129ef87b3f
  KRPresentationKit: 337ab52c481f0eefd8d722e19a57dfe73992d183
  KRTimingFunction: 78e502786e657c880a890b675633a766a54240a0

PODFILE CHECKSUM: f2a33e4ba7928c04169959845ee4836a48b4f659

COCOAPODS: 1.0.1
